
Microsoft Visual Studio Solution File, Format Version 12.00
# Visual Studio Version 17
VisualStudioVersion = 17.7.34221.43
MinimumVisualStudioVersion = 10.0.40219.1
Project("{9A19103F-16F7-4668-BE54-9A1E7A4F7556}") = "ConsoleApp1", "ConsoleApp1\ConsoleApp1.csproj", "{1ED2ABFF-98CD-4DA7-B8A1-F99200E12D7D}"
EndProject
Global
	GlobalSection(SolutionConfigurationPlatforms) = preSolution
		Debug|Any CPU = Debug|Any CPU
		Release|Any CPU = Release|Any CPU
	EndGlobalSection
	GlobalSection(ProjectConfigurationPlatforms) = postSolution
		{1ED2ABFF-98CD-4DA7-B8A1-F99200E12D7D}.Debug|Any CPU.ActiveCfg = Debug|Any CPU
		{1ED2ABFF-98CD-4DA7-B8A1-F99200E12D7D}.Debug|Any CPU.Build.0 = Debug|Any CPU
		{1ED2ABFF-98CD-4DA7-B8A1-F99200E12D7D}.Release|Any CPU.ActiveCfg = Release|Any CPU
		{1ED2ABFF-98CD-4DA7-B8A1-F99200E12D7D}.Release|Any CPU.Build.0 = Release|Any CPU
	EndGlobalSection
	GlobalSection(SolutionProperties) = preSolution
		HideSolutionNode = FALSE
	EndGlobalSection
	GlobalSection(ExtensibilityGlobals) = postSolution
		SolutionGuid = {6ECAC6A6-45CE-40FF-9697-846DD95F2D4D}
	EndGlobalSection
EndGlobal
